
Microsoft Visual Studio Solution File, Format Version 12.00
# Visual Studio 15
VisualStudioVersion = 15.0.28307.438
MinimumVisualStudioVersion = 10.0.40219.1
Project("{9A19103F-16F7-4668-BE54-9A1E7A4F7556}") = "Structure3TierDemo.Api", "Structure3TierDemo.Api\Structure3TierDemo.Api.csproj", "{DC865E56-45B3-4671-B483-277AC892B343}"
EndProject
Project("{FAE04EC0-301F-11D3-BF4B-00C04F79EFBC}") = "Structure3TierDemo.Domain", "Structcure3TierDemo.Domain\Structure3TierDemo.Domain.csproj", "{EE19DF68-09B3-4F1E-A1D1-40803AE254A4}"
EndProject
Project("{FAE04EC0-301F-11D3-BF4B-00C04F79EFBC}") = "Structure3TierDemo.Infrastructure.Sql", "Structure3TierDemo.Infrastructure.Sql\Structure3TierDemo.Infrastructure.Sql.csproj", "{A2E2B011-00A3-441F-8114-EF7AFD50C4A5}"
EndProject
Global
	GlobalSection(SolutionConfigurationPlatforms) = preSolution
		Debug|Any CPU = Debug|Any CPU
		Release|Any CPU = Release|Any CPU
	EndGlobalSection
	GlobalSection(ProjectConfigurationPlatforms) = postSolution
		{DC865E56-45B3-4671-B483-277AC892B343}.Debug|Any CPU.ActiveCfg = Debug|Any CPU
		{DC865E56-45B3-4671-B483-277AC892B343}.Debug|Any CPU.Build.0 = Debug|Any CPU
		{DC865E56-45B3-4671-B483-277AC892B343}.Release|Any CPU.ActiveCfg = Release|Any CPU
		{DC865E56-45B3-4671-B483-277AC892B343}.Release|Any CPU.Build.0 = Release|Any CPU
		{EE19DF68-09B3-4F1E-A1D1-40803AE254A4}.Debug|Any CPU.ActiveCfg = Debug|Any CPU
		{EE19DF68-09B3-4F1E-A1D1-40803AE254A4}.Debug|Any CPU.Build.0 = Debug|Any CPU
		{EE19DF68-09B3-4F1E-A1D1-40803AE254A4}.Release|Any CPU.ActiveCfg = Release|Any CPU
		{EE19DF68-09B3-4F1E-A1D1-40803AE254A4}.Release|Any CPU.Build.0 = Release|Any CPU
		{A2E2B011-00A3-441F-8114-EF7AFD50C4A5}.Debug|Any CPU.ActiveCfg = Debug|Any CPU
		{A2E2B011-00A3-441F-8114-EF7AFD50C4A5}.Debug|Any CPU.Build.0 = Debug|Any CPU
		{A2E2B011-00A3-441F-8114-EF7AFD50C4A5}.Release|Any CPU.ActiveCfg = Release|Any CPU
		{A2E2B011-00A3-441F-8114-EF7AFD50C4A5}.Release|Any CPU.Build.0 = Release|Any CPU
	EndGlobalSection
	GlobalSection(SolutionProperties) = preSolution
		HideSolutionNode = FALSE
	EndGlobalSection
	GlobalSection(ExtensibilityGlobals) = postSolution
		SolutionGuid = {B30C8307-D312-4DF4-A7E8-B0D4B8418225}
	EndGlobalSection
EndGlobal
